<Solution>
  <Folder Name="/Core/">
    <Project Path="Core/TicketBox.Application/TicketBox.Application.csproj" />
    <Project Path="Core/TicketBox.Domain/TicketBox.Domain.csproj" />
  </Folder>
  <Folder Name="/Infrastructure/">
    <Project Path="Infrastrucure/TicketBox.Persistence/TicketBox.Persistence.csproj" />
  </Folder>
  <Folder Name="/Presentation/">
    <Project Path="TicketBox.WebUI/TicketBox.WebUI.csproj" Id="95040b26-6e1d-4fa4-86bc-058f7a12a06b" />
  </Folder>
</Solution>
